
Microsoft Visual Studio Solution File, Format Version 12.00
# Visual Studio Version 17
VisualStudioVersion = 17.0.32112.339
MinimumVisualStudioVersion = 10.0.40219.1
Project("{9A19103F-16F7-4668-BE54-9A1E7A4F7556}") = "CleanArchitecture.API", "CleanArchitecture.API\CleanArchitecture.API.csproj", "{42D03729-3701-47D3-8322-01A75D09536A}"
EndProject
Project("{9A19103F-16F7-4668-BE54-9A1E7A4F7556}") = "CleanArchitecture.Application", "CleanArchitecture.Application\CleanArchitecture.Application.csproj", "{9B1AB259-760F-49F5-8D32-2D1334A8210B}"
EndProject
Project("{9A19103F-16F7-4668-BE54-9A1E7A4F7556}") = "CleanArchitecture.Infrastructure", "CleanArchitecture.Infrastructure\CleanArchitecture.Infrastructure.csproj", "{D937FAC9-4897-489C-84AC-57265E161392}"
EndProject
Project("{9A19103F-16F7-4668-BE54-9A1E7A4F7556}") = "CleanArchitecture.Domain", "CleanArchitecture.Domain\CleanArchitecture.Domain.csproj", "{6E656B91-448D-4E1D-97B1-545772256CAA}"
EndProject
Project("{FAE04EC0-301F-11D3-BF4B-00C04F79EFBC}") = "CleanArchitecture.Test", "CleanArchitecture.Test\CleanArchitecture.Test.csproj", "{58F190C7-1E37-4435-B8E6-64D5681D6297}"
EndProject
Global
	GlobalSection(SolutionConfigurationPlatforms) = preSolution
		Debug|Any CPU = Debug|Any CPU
		Release|Any CPU = Release|Any CPU
	EndGlobalSection
	GlobalSection(ProjectConfigurationPlatforms) = postSolution
		{42D03729-3701-47D3-8322-01A75D09536A}.Debug|Any CPU.ActiveCfg = Debug|Any CPU
		{42D03729-3701-47D3-8322-01A75D09536A}.Debug|Any CPU.Build.0 = Debug|Any CPU
		{42D03729-3701-47D3-8322-01A75D09536A}.Release|Any CPU.ActiveCfg = Release|Any CPU
		{42D03729-3701-47D3-8322-01A75D09536A}.Release|Any CPU.Build.0 = Release|Any CPU
		{9B1AB259-760F-49F5-8D32-2D1334A8210B}.Debug|Any CPU.ActiveCfg = Debug|Any CPU
		{9B1AB259-760F-49F5-8D32-2D1334A8210B}.Debug|Any CPU.Build.0 = Debug|Any CPU
		{9B1AB259-760F-49F5-8D32-2D1334A8210B}.Release|Any CPU.ActiveCfg = Release|Any CPU
		{9B1AB259-760F-49F5-8D32-2D1334A8210B}.Release|Any CPU.Build.0 = Release|Any CPU
		{D937FAC9-4897-489C-84AC-57265E161392}.Debug|Any CPU.ActiveCfg = Debug|Any CPU
		{D937FAC9-4897-489C-84AC-57265E161392}.Debug|Any CPU.Build.0 = Debug|Any CPU
		{D937FAC9-4897-489C-84AC-57265E161392}.Release|Any CPU.ActiveCfg = Release|Any CPU
		{D937FAC9-4897-489C-84AC-57265E161392}.Release|Any CPU.Build.0 = Release|Any CPU
		{6E656B91-448D-4E1D-97B1-545772256CAA}.Debug|Any CPU.ActiveCfg = Debug|Any CPU
		{6E656B91-448D-4E1D-97B1-545772256CAA}.Debug|Any CPU.Build.0 = Debug|Any CPU
		{6E656B91-448D-4E1D-97B1-545772256CAA}.Release|Any CPU.ActiveCfg = Release|Any CPU
		{6E656B91-448D-4E1D-97B1-545772256CAA}.Release|Any CPU.Build.0 = Release|Any CPU
		{58F190C7-1E37-4435-B8E6-64D5681D6297}.Debug|Any CPU.ActiveCfg = Debug|Any CPU
		{58F190C7-1E37-4435-B8E6-64D5681D6297}.Debug|Any CPU.Build.0 = Debug|Any CPU
		{58F190C7-1E37-4435-B8E6-64D5681D6297}.Release|Any CPU.ActiveCfg = Release|Any CPU
		{58F190C7-1E37-4435-B8E6-64D5681D6297}.Release|Any CPU.Build.0 = Release|Any CPU
	EndGlobalSection
	GlobalSection(SolutionProperties) = preSolution
		HideSolutionNode = FALSE
	EndGlobalSection
	GlobalSection(ExtensibilityGlobals) = postSolution
		SolutionGuid = {8495D606-B367-4009-8E4D-3DEA518000E4}
	EndGlobalSection
EndGlobal
